
Microsoft Visual Studio Solution File, Format Version 12.00
# Visual Studio 15
VisualStudioVersion = 15.0.27004.2005
MinimumVisualStudioVersion = 10.0.40219.1
Project("{FAE04EC0-301F-11D3-BF4B-00C04F79EFBC}") = "01面向对象", "01面向对象\01面向对象.csproj", "{907384E0-7EFD-4326-B38F-D2DC96429CE2}"
EndProject
Project("{FAE04EC0-301F-11D3-BF4B-00C04F79EFBC}") = "02多态面试题", "02多态面试题\02多态面试题.csproj", "{903680DD-E354-4340-87F2-ED716570527C}"
EndProject
Project("{FAE04EC0-301F-11D3-BF4B-00C04F79EFBC}") = "03多态简单工厂", "03多态简单工厂\03多态简单工厂.csproj", "{C837A0B0-7AB6-4065-8A3B-9439F47F212E}"
EndProject
Project("{2150E333-8FDC-42A3-9474-1A3956D46DE8}") = "实战多态简单工厂", "实战多态简单工厂", "{AC8FDFEB-8D16-4903-BDBE-58656CC6D8C3}"
EndProject
Project("{FAE04EC0-301F-11D3-BF4B-00C04F79EFBC}") = "04多类简单工厂主程序", "04多类简单工厂主程序\04多类简单工厂主程序.csproj", "{131A608A-EB96-408F-B91A-01A82388AFD3}"
EndProject
Project("{FAE04EC0-301F-11D3-BF4B-00C04F79EFBC}") = "UsbComponentClass", "UsbComponentClass\UsbComponentClass.csproj", "{F729715F-FD90-4B12-9B1F-0D316BDBC29B}"
EndProject
Project("{FAE04EC0-301F-11D3-BF4B-00C04F79EFBC}") = "FactoryClass", "FactoryClass\FactoryClass.csproj", "{E2546106-B8AB-4D4E-87DE-D36EFD68A9CC}"
EndProject
Project("{FAE04EC0-301F-11D3-BF4B-00C04F79EFBC}") = "UDiskClass", "UDiskClass\UDiskClass.csproj", "{278F48F6-B8FB-4F9B-BAA0-EE36FC3033B9}"
EndProject
Project("{FAE04EC0-301F-11D3-BF4B-00C04F79EFBC}") = "UMp3Class", "UMp3Class\UMp3Class.csproj", "{8CC6F6CB-D83D-488C-AC48-3E17A1D17411}"
EndProject
Project("{FAE04EC0-301F-11D3-BF4B-00C04F79EFBC}") = "UMouseClass", "UMouseClass\UMouseClass.csproj", "{919ED6A6-096F-47EE-86D0-2A8ED4A1DA10}"
EndProject
Project("{2150E333-8FDC-42A3-9474-1A3956D46DE8}") = "实战多态简单工厂1", "实战多态简单工厂1", "{491C73AB-5F7E-4644-8E68-CBACFE6D8E21}"
EndProject
Project("{FAE04EC0-301F-11D3-BF4B-00C04F79EFBC}") = "模拟控制台", "模拟控制台\模拟控制台.csproj", "{59F299E2-8A7C-41E1-9BE9-0F42297A8DAD}"
EndProject
Project("{FAE04EC0-301F-11D3-BF4B-00C04F79EFBC}") = "FileLib", "FileLib\FileLib.csproj", "{EA993E91-C42F-42FA-BADB-1652C801C3C9}"
EndProject
Project("{FAE04EC0-301F-11D3-BF4B-00C04F79EFBC}") = "TxtFileLib", "TxtFileLib\TxtFileLib.csproj", "{2E1F24D6-57AC-42B6-859F-743B47C0E6F6}"
EndProject
Project("{FAE04EC0-301F-11D3-BF4B-00C04F79EFBC}") = "WavFileLib", "WavFileLib\WavFileLib.csproj", "{ADC955B0-D153-4F6C-A7A2-A16984F22741}"
EndProject
Project("{FAE04EC0-301F-11D3-BF4B-00C04F79EFBC}") = "MpegFileLib", "MpegFileLib\MpegFileLib.csproj", "{3AF5274F-D108-4FD0-A27D-66D67F6DC002}"
EndProject
Project("{FAE04EC0-301F-11D3-BF4B-00C04F79EFBC}") = "FactoryLib", "FactoryLib\FactoryLib.csproj", "{936A4F2D-1F89-4B62-9758-1D8A99FAEA4D}"
EndProject
Project("{FAE04EC0-301F-11D3-BF4B-00C04F79EFBC}") = "04接口实现多态", "04接口实现多态\04接口实现多态.csproj", "{68B10FCA-BB64-42ED-85D8-7DCF5D0327B4}"
EndProject
Project("{FAE04EC0-301F-11D3-BF4B-00C04F79EFBC}") = "字符串练习", "字符串练习\字符串练习.csproj", "{6DDC2B78-AFFC-4A9C-BFFF-76CA7CC5420B}"
EndProject
Project("{FAE04EC0-301F-11D3-BF4B-00C04F79EFBC}") = "06StringBuilde", "06StringBuilde\06StringBuilde.csproj", "{A5809894-DFD3-4F75-A078-5516EC268612}"
EndProject
Project("{FAE04EC0-301F-11D3-BF4B-00C04F79EFBC}") = "07文件流FileStream", "07文件流FileStream\07文件流FileStream.csproj", "{3D226D32-8F5D-45EF-96F5-9E259B855188}"
EndProject
Project("{FAE04EC0-301F-11D3-BF4B-00C04F79EFBC}") = "08编码Encoding", "08编码Encoding\08编码Encoding.csproj", "{1B2AB3C6-3635-4AF9-A2A0-FE62BA70EB2A}"
EndProject
Project("{FAE04EC0-301F-11D3-BF4B-00C04F79EFBC}") = "09读写流Stream", "09读写流Stream\09读写流Stream.csproj", "{5BF646EB-D737-45DC-AB43-436E30FCD809}"
EndProject
Project("{FAE04EC0-301F-11D3-BF4B-00C04F79EFBC}") = "10集合练习", "10集合练习\10集合练习.csproj", "{9F17A902-3BD1-4A0B-ACEC-CA0E882AE40E}"
EndProject
Project("{FAE04EC0-301F-11D3-BF4B-00C04F79EFBC}") = "11文件分割案例", "11文件分割案例\11文件分割案例.csproj", "{94CBA76E-5A47-4F08-BBE0-82E8EB939997}"
EndProject
Project("{FAE04EC0-301F-11D3-BF4B-00C04F79EFBC}") = "11文件合并案例", "11文件合并案例\11文件合并案例.csproj", "{8C2E776A-37F0-4675-97A1-1DD13B5A2252}"
EndProject
Project("{FAE04EC0-301F-11D3-BF4B-00C04F79EFBC}") = "12序列化", "12序列化\12序列化.csproj", "{359D3152-6FD1-424A-BE7A-73A84C84760B}"
EndProject
Project("{FAE04EC0-301F-11D3-BF4B-00C04F79EFBC}") = "简单记事本", "简单记事本\简单记事本.csproj", "{6C3F834C-39A4-4E98-ADF7-7EF790423787}"
EndProject
Project("{FAE04EC0-301F-11D3-BF4B-00C04F79EFBC}") = "13treeview树状节点", "13treeview树状节点\13treeview树状节点.csproj", "{04EF2428-E690-431A-A884-92DA0E7D9540}"
EndProject
Project("{FAE04EC0-301F-11D3-BF4B-00C04F79EFBC}") = "14阅读器", "14阅读器\14阅读器.csproj", "{C041C883-D832-4C1B-99A2-5218B39BD56A}"
EndProject
Project("{9A19103F-16F7-4668-BE54-9A1E7A4F7556}") = "15传统写法的XML创建", "15传统写法的XML创建\15传统写法的XML创建.csproj", "{A6B2368A-253E-4336-A5D6-B75E114149EF}"
EndProject
Project("{9A19103F-16F7-4668-BE54-9A1E7A4F7556}") = "16LinqToXml传统的创建方法", "16LinqToXml传统的创建方法\16LinqToXml传统的创建方法.csproj", "{E710ABFF-3DC7-4693-9DB7-2187EB6C31EF}"
EndProject
Project("{9A19103F-16F7-4668-BE54-9A1E7A4F7556}") = "17Linq", "17Linq\17Linq.csproj", "{3874D38D-213C-4EAA-9BB3-F23BEC9DDB69}"
EndProject
Project("{FAE04EC0-301F-11D3-BF4B-00C04F79EFBC}") = "18Linq查找XML", "18Linq查找XML\18Linq查找XML.csproj", "{B53F1B61-D3D7-44C2-9A4A-77B386D9A571}"
EndProject
Project("{FAE04EC0-301F-11D3-BF4B-00C04F79EFBC}") = "19RSS阅读器", "19RSS阅读器\19RSS阅读器.csproj", "{3A8D0676-5330-4D3B-9AF5-D64DDCA27841}"
EndProject
Project("{FAE04EC0-301F-11D3-BF4B-00C04F79EFBC}") = "20Linq查询语法", "20Linq查询语法\20Linq查询语法.csproj", "{0432D78D-B3C3-4EC3-9DEE-A598894B5A70}"
EndProject
Project("{FAE04EC0-301F-11D3-BF4B-00C04F79EFBC}") = "21正则表达式的使用", "21正则表达式的使用\21正则表达式的使用.csproj", "{F33D6107-1AF4-401C-A458-A6A5F6283546}"
EndProject
Project("{FAE04EC0-301F-11D3-BF4B-00C04F79EFBC}") = "22正则表达式的分组", "22正则表达式的分组\22正则表达式的分组.csproj", "{54C1A5A0-F9E2-4C4B-94D8-63AD65D17FB9}"
EndProject
Project("{FAE04EC0-301F-11D3-BF4B-00C04F79EFBC}") = "23贪婪模式", "23贪婪模式\23贪婪模式.csproj", "{1D1086A2-AB2B-4F8D-A1F2-6AE6F1A918C3}"
EndProject
Project("{FAE04EC0-301F-11D3-BF4B-00C04F79EFBC}") = "24文件路径提取", "24文件路径提取\24文件路径提取.csproj", "{15EC9D31-CCD5-423C-8FDD-174FE451565B}"
EndProject
Project("{FAE04EC0-301F-11D3-BF4B-00C04F79EFBC}") = "25正则表达式的替换", "25正则表达式的替换\25正则表达式的替换.csproj", "{FCEF243A-907C-4DB1-829E-D7CD062381E5}"
EndProject
Project("{FAE04EC0-301F-11D3-BF4B-00C04F79EFBC}") = "26委托", "26委托\26委托.csproj", "{B50A5AE3-3A3E-47E7-9132-94EE14F8ECA9}"
EndProject
Project("{FAE04EC0-301F-11D3-BF4B-00C04F79EFBC}") = "27委托计算器案例", "27委托计算器案例\27委托计算器案例.csproj", "{FE8F73B4-FF67-4FF8-9DB9-C5F276592727}"
EndProject
Project("{FAE04EC0-301F-11D3-BF4B-00C04F79EFBC}") = "28自定义排序", "28自定义排序\28自定义排序.csproj", "{E4E0BB95-818E-4DB5-B531-7A9C9043CAEA}"
EndProject
Project("{FAE04EC0-301F-11D3-BF4B-00C04F79EFBC}") = "20匿名方法", "20匿名方法\20匿名方法.csproj", "{7FB21E1E-5D94-45F3-ABF6-368E37DA0740}"
EndProject
Project("{FAE04EC0-301F-11D3-BF4B-00C04F79EFBC}") = "29Linq查询Lambda实现", "29Linq查询Lambda实现\29Linq查询Lambda实现.csproj", "{67E63B33-87E4-45F7-92D5-EF03F39CC7BA}"
EndProject
Project("{FAE04EC0-301F-11D3-BF4B-00C04F79EFBC}") = "30多播委托", "30多播委托\30多播委托.csproj", "{2B48052B-8E0A-40B8-BF1D-3C5B71380E6E}"
EndProject
Project("{FAE04EC0-301F-11D3-BF4B-00C04F79EFBC}") = "31实例对象委托", "31实例对象委托\31实例对象委托.csproj", "{B666E508-6298-485C-B1D3-592B00FCFCB0}"
EndProject
Project("{FAE04EC0-301F-11D3-BF4B-00C04F79EFBC}") = "32泛型委托", "32泛型委托\32泛型委托.csproj", "{20909482-58A6-4883-93D4-2B2BF4D11E91}"
EndProject
Global
	GlobalSection(SolutionConfigurationPlatforms) = preSolution
		Debug|Any CPU = Debug|Any CPU
		Release|Any CPU = Release|Any CPU
	EndGlobalSection
	GlobalSection(ProjectConfigurationPlatforms) = postSolution
		{907384E0-7EFD-4326-B38F-D2DC96429CE2}.Debug|Any CPU.ActiveCfg = Debug|Any CPU
		{907384E0-7EFD-4326-B38F-D2DC96429CE2}.Debug|Any CPU.Build.0 = Debug|Any CPU
		{907384E0-7EFD-4326-B38F-D2DC96429CE2}.Release|Any CPU.ActiveCfg = Release|Any CPU
		{907384E0-7EFD-4326-B38F-D2DC96429CE2}.Release|Any CPU.Build.0 = Release|Any CPU
		{903680DD-E354-4340-87F2-ED716570527C}.Debug|Any CPU.ActiveCfg = Debug|Any CPU
		{903680DD-E354-4340-87F2-ED716570527C}.Debug|Any CPU.Build.0 = Debug|Any CPU
		{903680DD-E354-4340-87F2-ED716570527C}.Release|Any CPU.ActiveCfg = Release|Any CPU
		{903680DD-E354-4340-87F2-ED716570527C}.Release|Any CPU.Build.0 = Release|Any CPU
		{C837A0B0-7AB6-4065-8A3B-9439F47F212E}.Debug|Any CPU.ActiveCfg = Debug|Any CPU
		{C837A0B0-7AB6-4065-8A3B-9439F47F212E}.Debug|Any CPU.Build.0 = Debug|Any CPU
		{C837A0B0-7AB6-4065-8A3B-9439F47F212E}.Release|Any CPU.ActiveCfg = Release|Any CPU
		{C837A0B0-7AB6-4065-8A3B-9439F47F212E}.Release|Any CPU.Build.0 = Release|Any CPU
		{131A608A-EB96-408F-B91A-01A82388AFD3}.Debug|Any CPU.ActiveCfg = Debug|Any CPU
		{131A608A-EB96-408F-B91A-01A82388AFD3}.Debug|Any CPU.Build.0 = Debug|Any CPU
		{131A608A-EB96-408F-B91A-01A82388AFD3}.Release|Any CPU.ActiveCfg = Release|Any CPU
		{131A608A-EB96-408F-B91A-01A82388AFD3}.Release|Any CPU.Build.0 = Release|Any CPU
		{F729715F-FD90-4B12-9B1F-0D316BDBC29B}.Debug|Any CPU.ActiveCfg = Debug|Any CPU
		{F729715F-FD90-4B12-9B1F-0D316BDBC29B}.Debug|Any CPU.Build.0 = Debug|Any CPU
		{F729715F-FD90-4B12-9B1F-0D316BDBC29B}.Release|Any CPU.ActiveCfg = Release|Any CPU
		{F729715F-FD90-4B12-9B1F-0D316BDBC29B}.Release|Any CPU.Build.0 = Release|Any CPU
		{E2546106-B8AB-4D4E-87DE-D36EFD68A9CC}.Debug|Any CPU.ActiveCfg = Debug|Any CPU
		{E2546106-B8AB-4D4E-87DE-D36EFD68A9CC}.Debug|Any CPU.Build.0 = Debug|Any CPU
		{E2546106-B8AB-4D4E-87DE-D36EFD68A9CC}.Release|Any CPU.ActiveCfg = Release|Any CPU
		{E2546106-B8AB-4D4E-87DE-D36EFD68A9CC}.Release|Any CPU.Build.0 = Release|Any CPU
		{278F48F6-B8FB-4F9B-BAA0-EE36FC3033B9}.Debug|Any CPU.ActiveCfg = Debug|Any CPU
		{278F48F6-B8FB-4F9B-BAA0-EE36FC3033B9}.Debug|Any CPU.Build.0 = Debug|Any CPU
		{278F48F6-B8FB-4F9B-BAA0-EE36FC3033B9}.Release|Any CPU.ActiveCfg = Release|Any CPU
		{278F48F6-B8FB-4F9B-BAA0-EE36FC3033B9}.Release|Any CPU.Build.0 = Release|Any CPU
		{8CC6F6CB-D83D-488C-AC48-3E17A1D17411}.Debug|Any CPU.ActiveCfg = Debug|Any CPU
		{8CC6F6CB-D83D-488C-AC48-3E17A1D17411}.Debug|Any CPU.Build.0 = Debug|Any CPU
		{8CC6F6CB-D83D-488C-AC48-3E17A1D17411}.Release|Any CPU.ActiveCfg = Release|Any CPU
		{8CC6F6CB-D83D-488C-AC48-3E17A1D17411}.Release|Any CPU.Build.0 = Release|Any CPU
		{919ED6A6-096F-47EE-86D0-2A8ED4A1DA10}.Debug|Any CPU.ActiveCfg = Debug|Any CPU
		{919ED6A6-096F-47EE-86D0-2A8ED4A1DA10}.Debug|Any CPU.Build.0 = Debug|Any CPU
		{919ED6A6-096F-47EE-86D0-2A8ED4A1DA10}.Release|Any CPU.ActiveCfg = Release|Any CPU
		{919ED6A6-096F-47EE-86D0-2A8ED4A1DA10}.Release|Any CPU.Build.0 = Release|Any CPU
		{59F299E2-8A7C-41E1-9BE9-0F42297A8DAD}.Debug|Any CPU.ActiveCfg = Debug|Any CPU
		{59F299E2-8A7C-41E1-9BE9-0F42297A8DAD}.Debug|Any CPU.Build.0 = Debug|Any CPU
		{59F299E2-8A7C-41E1-9BE9-0F42297A8DAD}.Release|Any CPU.ActiveCfg = Release|Any CPU
		{59F299E2-8A7C-41E1-9BE9-0F42297A8DAD}.Release|Any CPU.Build.0 = Release|Any CPU
		{EA993E91-C42F-42FA-BADB-1652C801C3C9}.Debug|Any CPU.ActiveCfg = Debug|Any CPU
		{EA993E91-C42F-42FA-BADB-1652C801C3C9}.Debug|Any CPU.Build.0 = Debug|Any CPU
		{EA993E91-C42F-42FA-BADB-1652C801C3C9}.Release|Any CPU.ActiveCfg = Release|Any CPU
		{EA993E91-C42F-42FA-BADB-1652C801C3C9}.Release|Any CPU.Build.0 = Release|Any CPU
		{2E1F24D6-57AC-42B6-859F-743B47C0E6F6}.Debug|Any CPU.ActiveCfg = Debug|Any CPU
		{2E1F24D6-57AC-42B6-859F-743B47C0E6F6}.Debug|Any CPU.Build.0 = Debug|Any CPU
		{2E1F24D6-57AC-42B6-859F-743B47C0E6F6}.Release|Any CPU.ActiveCfg = Release|Any CPU
		{2E1F24D6-57AC-42B6-859F-743B47C0E6F6}.Release|Any CPU.Build.0 = Release|Any CPU
		{ADC955B0-D153-4F6C-A7A2-A16984F22741}.Debug|Any CPU.ActiveCfg = Debug|Any CPU
		{ADC955B0-D153-4F6C-A7A2-A16984F22741}.Debug|Any CPU.Build.0 = Debug|Any CPU
		{ADC955B0-D153-4F6C-A7A2-A16984F22741}.Release|Any CPU.ActiveCfg = Release|Any CPU
		{ADC955B0-D153-4F6C-A7A2-A16984F22741}.Release|Any CPU.Build.0 = Release|Any CPU
		{3AF5274F-D108-4FD0-A27D-66D67F6DC002}.Debug|Any CPU.ActiveCfg = Debug|Any CPU
		{3AF5274F-D108-4FD0-A27D-66D67F6DC002}.Debug|Any CPU.Build.0 = Debug|Any CPU
		{3AF5274F-D108-4FD0-A27D-66D67F6DC002}.Release|Any CPU.ActiveCfg = Release|Any CPU
		{3AF5274F-D108-4FD0-A27D-66D67F6DC002}.Release|Any CPU.Build.0 = Release|Any CPU
		{936A4F2D-1F89-4B62-9758-1D8A99FAEA4D}.Debug|Any CPU.ActiveCfg = Debug|Any CPU
		{936A4F2D-1F89-4B62-9758-1D8A99FAEA4D}.Debug|Any CPU.Build.0 = Debug|Any CPU
		{936A4F2D-1F89-4B62-9758-1D8A99FAEA4D}.Release|Any CPU.ActiveCfg = Release|Any CPU
		{936A4F2D-1F89-4B62-9758-1D8A99FAEA4D}.Release|Any CPU.Build.0 = Release|Any CPU
		{68B10FCA-BB64-42ED-85D8-7DCF5D0327B4}.Debug|Any CPU.ActiveCfg = Debug|Any CPU
		{68B10FCA-BB64-42ED-85D8-7DCF5D0327B4}.Debug|Any CPU.Build.0 = Debug|Any CPU
		{68B10FCA-BB64-42ED-85D8-7DCF5D0327B4}.Release|Any CPU.ActiveCfg = Release|Any CPU
		{68B10FCA-BB64-42ED-85D8-7DCF5D0327B4}.Release|Any CPU.Build.0 = Release|Any CPU
		{6DDC2B78-AFFC-4A9C-BFFF-76CA7CC5420B}.Debug|Any CPU.ActiveCfg = Debug|Any CPU
		{6DDC2B78-AFFC-4A9C-BFFF-76CA7CC5420B}.Debug|Any CPU.Build.0 = Debug|Any CPU
		{6DDC2B78-AFFC-4A9C-BFFF-76CA7CC5420B}.Release|Any CPU.ActiveCfg = Release|Any CPU
		{6DDC2B78-AFFC-4A9C-BFFF-76CA7CC5420B}.Release|Any CPU.Build.0 = Release|Any CPU
		{A5809894-DFD3-4F75-A078-5516EC268612}.Debug|Any CPU.ActiveCfg = Debug|Any CPU
		{A5809894-DFD3-4F75-A078-5516EC268612}.Debug|Any CPU.Build.0 = Debug|Any CPU
		{A5809894-DFD3-4F75-A078-5516EC268612}.Release|Any CPU.ActiveCfg = Release|Any CPU
		{A5809894-DFD3-4F75-A078-5516EC268612}.Release|Any CPU.Build.0 = Release|Any CPU
		{3D226D32-8F5D-45EF-96F5-9E259B855188}.Debug|Any CPU.ActiveCfg = Debug|Any CPU
		{3D226D32-8F5D-45EF-96F5-9E259B855188}.Debug|Any CPU.Build.0 = Debug|Any CPU
		{3D226D32-8F5D-45EF-96F5-9E259B855188}.Release|Any CPU.ActiveCfg = Release|Any CPU
		{3D226D32-8F5D-45EF-96F5-9E259B855188}.Release|Any CPU.Build.0 = Release|Any CPU
		{1B2AB3C6-3635-4AF9-A2A0-FE62BA70EB2A}.Debug|Any CPU.ActiveCfg = Debug|Any CPU
		{1B2AB3C6-3635-4AF9-A2A0-FE62BA70EB2A}.Debug|Any CPU.Build.0 = Debug|Any CPU
		{1B2AB3C6-3635-4AF9-A2A0-FE62BA70EB2A}.Release|Any CPU.ActiveCfg = Release|Any CPU
		{1B2AB3C6-3635-4AF9-A2A0-FE62BA70EB2A}.Release|Any CPU.Build.0 = Release|Any CPU
		{5BF646EB-D737-45DC-AB43-436E30FCD809}.Debug|Any CPU.ActiveCfg = Debug|Any CPU
		{5BF646EB-D737-45DC-AB43-436E30FCD809}.Debug|Any CPU.Build.0 = Debug|Any CPU
		{5BF646EB-D737-45DC-AB43-436E30FCD809}.Release|Any CPU.ActiveCfg = Release|Any CPU
		{5BF646EB-D737-45DC-AB43-436E30FCD809}.Release|Any CPU.Build.0 = Release|Any CPU
		{9F17A902-3BD1-4A0B-ACEC-CA0E882AE40E}.Debug|Any CPU.ActiveCfg = Debug|Any CPU
		{9F17A902-3BD1-4A0B-ACEC-CA0E882AE40E}.Debug|Any CPU.Build.0 = Debug|Any CPU
		{9F17A902-3BD1-4A0B-ACEC-CA0E882AE40E}.Release|Any CPU.ActiveCfg = Release|Any CPU
		{9F17A902-3BD1-4A0B-ACEC-CA0E882AE40E}.Release|Any CPU.Build.0 = Release|Any CPU
		{94CBA76E-5A47-4F08-BBE0-82E8EB939997}.Debug|Any CPU.ActiveCfg = Debug|Any CPU
		{94CBA76E-5A47-4F08-BBE0-82E8EB939997}.Debug|Any CPU.Build.0 = Debug|Any CPU
		{94CBA76E-5A47-4F08-BBE0-82E8EB939997}.Release|Any CPU.ActiveCfg = Release|Any CPU
		{94CBA76E-5A47-4F08-BBE0-82E8EB939997}.Release|Any CPU.Build.0 = Release|Any CPU
		{8C2E776A-37F0-4675-97A1-1DD13B5A2252}.Debug|Any CPU.ActiveCfg = Debug|Any CPU
		{8C2E776A-37F0-4675-97A1-1DD13B5A2252}.Debug|Any CPU.Build.0 = Debug|Any CPU
		{8C2E776A-37F0-4675-97A1-1DD13B5A2252}.Release|Any CPU.ActiveCfg = Release|Any CPU
		{8C2E776A-37F0-4675-97A1-1DD13B5A2252}.Release|Any CPU.Build.0 = Release|Any CPU
		{359D3152-6FD1-424A-BE7A-73A84C84760B}.Debug|Any CPU.ActiveCfg = Debug|Any CPU
		{359D3152-6FD1-424A-BE7A-73A84C84760B}.Debug|Any CPU.Build.0 = Debug|Any CPU
		{359D3152-6FD1-424A-BE7A-73A84C84760B}.Release|Any CPU.ActiveCfg = Release|Any CPU
		{359D3152-6FD1-424A-BE7A-73A84C84760B}.Release|Any CPU.Build.0 = Release|Any CPU
		{6C3F834C-39A4-4E98-ADF7-7EF790423787}.Debug|Any CPU.ActiveCfg = Debug|Any CPU
		{6C3F834C-39A4-4E98-ADF7-7EF790423787}.Debug|Any CPU.Build.0 = Debug|Any CPU
		{6C3F834C-39A4-4E98-ADF7-7EF790423787}.Release|Any CPU.ActiveCfg = Release|Any CPU
		{6C3F834C-39A4-4E98-ADF7-7EF790423787}.Release|Any CPU.Build.0 = Release|Any CPU
		{04EF2428-E690-431A-A884-92DA0E7D9540}.Debug|Any CPU.ActiveCfg = Debug|Any CPU
		{04EF2428-E690-431A-A884-92DA0E7D9540}.Debug|Any CPU.Build.0 = Debug|Any CPU
		{04EF2428-E690-431A-A884-92DA0E7D9540}.Release|Any CPU.ActiveCfg = Release|Any CPU
		{04EF2428-E690-431A-A884-92DA0E7D9540}.Release|Any CPU.Build.0 = Release|Any CPU
		{C041C883-D832-4C1B-99A2-5218B39BD56A}.Debug|Any CPU.ActiveCfg = Debug|Any CPU
		{C041C883-D832-4C1B-99A2-5218B39BD56A}.Debug|Any CPU.Build.0 = Debug|Any CPU
		{C041C883-D832-4C1B-99A2-5218B39BD56A}.Release|Any CPU.ActiveCfg = Release|Any CPU
		{C041C883-D832-4C1B-99A2-5218B39BD56A}.Release|Any CPU.Build.0 = Release|Any CPU
		{A6B2368A-253E-4336-A5D6-B75E114149EF}.Debug|Any CPU.ActiveCfg = Debug|Any CPU
		{A6B2368A-253E-4336-A5D6-B75E114149EF}.Debug|Any CPU.Build.0 = Debug|Any CPU
		{A6B2368A-253E-4336-A5D6-B75E114149EF}.Release|Any CPU.ActiveCfg = Release|Any CPU
		{A6B2368A-253E-4336-A5D6-B75E114149EF}.Release|Any CPU.Build.0 = Release|Any CPU
		{E710ABFF-3DC7-4693-9DB7-2187EB6C31EF}.Debug|Any CPU.ActiveCfg = Debug|Any CPU
		{E710ABFF-3DC7-4693-9DB7-2187EB6C31EF}.Debug|Any CPU.Build.0 = Debug|Any CPU
		{E710ABFF-3DC7-4693-9DB7-2187EB6C31EF}.Release|Any CPU.ActiveCfg = Release|Any CPU
		{E710ABFF-3DC7-4693-9DB7-2187EB6C31EF}.Release|Any CPU.Build.0 = Release|Any CPU
		{3874D38D-213C-4EAA-9BB3-F23BEC9DDB69}.Debug|Any CPU.ActiveCfg = Debug|Any CPU
		{3874D38D-213C-4EAA-9BB3-F23BEC9DDB69}.Debug|Any CPU.Build.0 = Debug|Any CPU
		{3874D38D-213C-4EAA-9BB3-F23BEC9DDB69}.Release|Any CPU.ActiveCfg = Release|Any CPU
		{3874D38D-213C-4EAA-9BB3-F23BEC9DDB69}.Release|Any CPU.Build.0 = Release|Any CPU
		{B53F1B61-D3D7-44C2-9A4A-77B386D9A571}.Debug|Any CPU.ActiveCfg = Debug|Any CPU
		{B53F1B61-D3D7-44C2-9A4A-77B386D9A571}.Debug|Any CPU.Build.0 = Debug|Any CPU
		{B53F1B61-D3D7-44C2-9A4A-77B386D9A571}.Release|Any CPU.ActiveCfg = Release|Any CPU
		{B53F1B61-D3D7-44C2-9A4A-77B386D9A571}.Release|Any CPU.Build.0 = Release|Any CPU
		{3A8D0676-5330-4D3B-9AF5-D64DDCA27841}.Debug|Any CPU.ActiveCfg = Debug|Any CPU
		{3A8D0676-5330-4D3B-9AF5-D64DDCA27841}.Debug|Any CPU.Build.0 = Debug|Any CPU
		{3A8D0676-5330-4D3B-9AF5-D64DDCA27841}.Release|Any CPU.ActiveCfg = Release|Any CPU
		{3A8D0676-5330-4D3B-9AF5-D64DDCA27841}.Release|Any CPU.Build.0 = Release|Any CPU
		{0432D78D-B3C3-4EC3-9DEE-A598894B5A70}.Debug|Any CPU.ActiveCfg = Debug|Any CPU
		{0432D78D-B3C3-4EC3-9DEE-A598894B5A70}.Debug|Any CPU.Build.0 = Debug|Any CPU
		{0432D78D-B3C3-4EC3-9DEE-A598894B5A70}.Release|Any CPU.ActiveCfg = Release|Any CPU
		{0432D78D-B3C3-4EC3-9DEE-A598894B5A70}.Release|Any CPU.Build.0 = Release|Any CPU
		{F33D6107-1AF4-401C-A458-A6A5F6283546}.Debug|Any CPU.ActiveCfg = Debug|Any CPU
		{F33D6107-1AF4-401C-A458-A6A5F6283546}.Debug|Any CPU.Build.0 = Debug|Any CPU
		{F33D6107-1AF4-401C-A458-A6A5F6283546}.Release|Any CPU.ActiveCfg = Release|Any CPU
		{F33D6107-1AF4-401C-A458-A6A5F6283546}.Release|Any CPU.Build.0 = Release|Any CPU
		{54C1A5A0-F9E2-4C4B-94D8-63AD65D17FB9}.Debug|Any CPU.ActiveCfg = Debug|Any CPU
		{54C1A5A0-F9E2-4C4B-94D8-63AD65D17FB9}.Debug|Any CPU.Build.0 = Debug|Any CPU
		{54C1A5A0-F9E2-4C4B-94D8-63AD65D17FB9}.Release|Any CPU.ActiveCfg = Release|Any CPU
		{54C1A5A0-F9E2-4C4B-94D8-63AD65D17FB9}.Release|Any CPU.Build.0 = Release|Any CPU
		{1D1086A2-AB2B-4F8D-A1F2-6AE6F1A918C3}.Debug|Any CPU.ActiveCfg = Debug|Any CPU
		{1D1086A2-AB2B-4F8D-A1F2-6AE6F1A918C3}.Debug|Any CPU.Build.0 = Debug|Any CPU
		{1D1086A2-AB2B-4F8D-A1F2-6AE6F1A918C3}.Release|Any CPU.ActiveCfg = Release|Any CPU
		{1D1086A2-AB2B-4F8D-A1F2-6AE6F1A918C3}.Release|Any CPU.Build.0 = Release|Any CPU
		{15EC9D31-CCD5-423C-8FDD-174FE451565B}.Debug|Any CPU.ActiveCfg = Debug|Any CPU
		{15EC9D31-CCD5-423C-8FDD-174FE451565B}.Debug|Any CPU.Build.0 = Debug|Any CPU
		{15EC9D31-CCD5-423C-8FDD-174FE451565B}.Release|Any CPU.ActiveCfg = Release|Any CPU
		{15EC9D31-CCD5-423C-8FDD-174FE451565B}.Release|Any CPU.Build.0 = Release|Any CPU
		{FCEF243A-907C-4DB1-829E-D7CD062381E5}.Debug|Any CPU.ActiveCfg = Debug|Any CPU
		{FCEF243A-907C-4DB1-829E-D7CD062381E5}.Debug|Any CPU.Build.0 = Debug|Any CPU
		{FCEF243A-907C-4DB1-829E-D7CD062381E5}.Release|Any CPU.ActiveCfg = Release|Any CPU
		{FCEF243A-907C-4DB1-829E-D7CD062381E5}.Release|Any CPU.Build.0 = Release|Any CPU
		{B50A5AE3-3A3E-47E7-9132-94EE14F8ECA9}.Debug|Any CPU.ActiveCfg = Debug|Any CPU
		{B50A5AE3-3A3E-47E7-9132-94EE14F8ECA9}.Debug|Any CPU.Build.0 = Debug|Any CPU
		{B50A5AE3-3A3E-47E7-9132-94EE14F8ECA9}.Release|Any CPU.ActiveCfg = Release|Any CPU
		{B50A5AE3-3A3E-47E7-9132-94EE14F8ECA9}.Release|Any CPU.Build.0 = Release|Any CPU
		{FE8F73B4-FF67-4FF8-9DB9-C5F276592727}.Debug|Any CPU.ActiveCfg = Debug|Any CPU
		{FE8F73B4-FF67-4FF8-9DB9-C5F276592727}.Debug|Any CPU.Build.0 = Debug|Any CPU
		{FE8F73B4-FF67-4FF8-9DB9-C5F276592727}.Release|Any CPU.ActiveCfg = Release|Any CPU
		{FE8F73B4-FF67-4FF8-9DB9-C5F276592727}.Release|Any CPU.Build.0 = Release|Any CPU
		{E4E0BB95-818E-4DB5-B531-7A9C9043CAEA}.Debug|Any CPU.ActiveCfg = Debug|Any CPU
		{E4E0BB95-818E-4DB5-B531-7A9C9043CAEA}.Debug|Any CPU.Build.0 = Debug|Any CPU
		{E4E0BB95-818E-4DB5-B531-7A9C9043CAEA}.Release|Any CPU.ActiveCfg = Release|Any CPU
		{E4E0BB95-818E-4DB5-B531-7A9C9043CAEA}.Release|Any CPU.Build.0 = Release|Any CPU
		{7FB21E1E-5D94-45F3-ABF6-368E37DA0740}.Debug|Any CPU.ActiveCfg = Debug|Any CPU
		{7FB21E1E-5D94-45F3-ABF6-368E37DA0740}.Debug|Any CPU.Build.0 = Debug|Any CPU
		{7FB21E1E-5D94-45F3-ABF6-368E37DA0740}.Release|Any CPU.ActiveCfg = Release|Any CPU
		{7FB21E1E-5D94-45F3-ABF6-368E37DA0740}.Release|Any CPU.Build.0 = Release|Any CPU
		{67E63B33-87E4-45F7-92D5-EF03F39CC7BA}.Debug|Any CPU.ActiveCfg = Debug|Any CPU
		{67E63B33-87E4-45F7-92D5-EF03F39CC7BA}.Debug|Any CPU.Build.0 = Debug|Any CPU
		{67E63B33-87E4-45F7-92D5-EF03F39CC7BA}.Release|Any CPU.ActiveCfg = Release|Any CPU
		{67E63B33-87E4-45F7-92D5-EF03F39CC7BA}.Release|Any CPU.Build.0 = Release|Any CPU
		{2B48052B-8E0A-40B8-BF1D-3C5B71380E6E}.Debug|Any CPU.ActiveCfg = Debug|Any CPU
		{2B48052B-8E0A-40B8-BF1D-3C5B71380E6E}.Debug|Any CPU.Build.0 = Debug|Any CPU
		{2B48052B-8E0A-40B8-BF1D-3C5B71380E6E}.Release|Any CPU.ActiveCfg = Release|Any CPU
		{2B48052B-8E0A-40B8-BF1D-3C5B71380E6E}.Release|Any CPU.Build.0 = Release|Any CPU
		{B666E508-6298-485C-B1D3-592B00FCFCB0}.Debug|Any CPU.ActiveCfg = Debug|Any CPU
		{B666E508-6298-485C-B1D3-592B00FCFCB0}.Debug|Any CPU.Build.0 = Debug|Any CPU
		{B666E508-6298-485C-B1D3-592B00FCFCB0}.Release|Any CPU.ActiveCfg = Release|Any CPU
		{B666E508-6298-485C-B1D3-592B00FCFCB0}.Release|Any CPU.Build.0 = Release|Any CPU
		{20909482-58A6-4883-93D4-2B2BF4D11E91}.Debug|Any CPU.ActiveCfg = Debug|Any CPU
		{20909482-58A6-4883-93D4-2B2BF4D11E91}.Debug|Any CPU.Build.0 = Debug|Any CPU
		{20909482-58A6-4883-93D4-2B2BF4D11E91}.Release|Any CPU.ActiveCfg = Release|Any CPU
		{20909482-58A6-4883-93D4-2B2BF4D11E91}.Release|Any CPU.Build.0 = Release|Any CPU
	EndGlobalSection
	GlobalSection(SolutionProperties) = preSolution
		HideSolutionNode = FALSE
	EndGlobalSection
	GlobalSection(NestedProjects) = preSolution
		{131A608A-EB96-408F-B91A-01A82388AFD3} = {AC8FDFEB-8D16-4903-BDBE-58656CC6D8C3}
		{F729715F-FD90-4B12-9B1F-0D316BDBC29B} = {AC8FDFEB-8D16-4903-BDBE-58656CC6D8C3}
		{E2546106-B8AB-4D4E-87DE-D36EFD68A9CC} = {AC8FDFEB-8D16-4903-BDBE-58656CC6D8C3}
		{278F48F6-B8FB-4F9B-BAA0-EE36FC3033B9} = {AC8FDFEB-8D16-4903-BDBE-58656CC6D8C3}
		{8CC6F6CB-D83D-488C-AC48-3E17A1D17411} = {AC8FDFEB-8D16-4903-BDBE-58656CC6D8C3}
		{919ED6A6-096F-47EE-86D0-2A8ED4A1DA10} = {AC8FDFEB-8D16-4903-BDBE-58656CC6D8C3}
		{59F299E2-8A7C-41E1-9BE9-0F42297A8DAD} = {491C73AB-5F7E-4644-8E68-CBACFE6D8E21}
		{EA993E91-C42F-42FA-BADB-1652C801C3C9} = {491C73AB-5F7E-4644-8E68-CBACFE6D8E21}
		{2E1F24D6-57AC-42B6-859F-743B47C0E6F6} = {491C73AB-5F7E-4644-8E68-CBACFE6D8E21}
		{ADC955B0-D153-4F6C-A7A2-A16984F22741} = {491C73AB-5F7E-4644-8E68-CBACFE6D8E21}
		{3AF5274F-D108-4FD0-A27D-66D67F6DC002} = {491C73AB-5F7E-4644-8E68-CBACFE6D8E21}
		{936A4F2D-1F89-4B62-9758-1D8A99FAEA4D} = {491C73AB-5F7E-4644-8E68-CBACFE6D8E21}
	EndGlobalSection
	GlobalSection(ExtensibilityGlobals) = postSolution
		SolutionGuid = {A78E00E2-9849-4ADF-B9D8-D8B30104AEF7}
	EndGlobalSection
EndGlobal
